// !$*UTF8*$!
{
	archiveVersion = 1;
	classes = {
	};
	objectVersion = 56;
	objects = {

/* Begin PBXBuildFile section */
		BB0000000000000000000001 /* AudioCaptureEngine.swift in Sources */ = {isa = PBXBuildFile; fileRef = FF0000000000000000000001 /* AudioCaptureEngine.swift */; };
		BB0000000000000000000002 /* SystemAudioCaptureEngine.swift in Sources */ = {isa = PBXBuildFile; fileRef = FF0000000000000000000002 /* SystemAudioCaptureEngine.swift */; };
		BB0000000000000000000003 /* MicrophoneCaptureEngine.swift in Sources */ = {isa = PBXBuildFile; fileRef = FF0000000000000000000003 /* MicrophoneCaptureEngine.swift */; };
		BB0000000000000000000004 /* KeywordMatcherAndClaude.swift in Sources */ = {isa = PBXBuildFile; fileRef = FF0000000000000000000004 /* KeywordMatcherAndClaude.swift */; };
		BB0000000000000000000005 /* NotebookLMService.swift in Sources */ = {isa = PBXBuildFile; fileRef = FF0000000000000000000005 /* NotebookLMService.swift */; };
		BB0000000000000000000006 /* TalkingPointsTracker.swift in Sources */ = {isa = PBXBuildFile; fileRef = FF0000000000000000000006 /* TalkingPointsTracker.swift */; };
		BB0000000000000000000007 /* MeetingAICoordinator.swift in Sources */ = {isa = PBXBuildFile; fileRef = FF0000000000000000000007 /* MeetingAICoordinator.swift */; };
		BB0000000000000000000008 /* UsageExample.swift in Sources */ = {isa = PBXBuildFile; fileRef = FF0000000000000000000008 /* UsageExample.swift */; };
		BB0000000000000000000009 /* MeetingCopilotApp.swift in Sources */ = {isa = PBXBuildFile; fileRef = FF0000000000000000000009 /* MeetingCopilotApp.swift */; };
		BB000000000000000000000A /* Assets.xcassets in Resources */ = {isa = PBXBuildFile; fileRef = FF000000000000000000000C /* Assets.xcassets */; };
		BB000000000000000000000B /* ProviderProtocols.swift in Sources */ = {isa = PBXBuildFile; fileRef = FF000000000000000000000E /* ProviderProtocols.swift */; };
		BB000000000000000000000C /* TranscriptPipeline.swift in Sources */ = {isa = PBXBuildFile; fileRef = FF000000000000000000000F /* TranscriptPipeline.swift */; };
		BB000000000000000000000D /* ResponseOrchestrator.swift in Sources */ = {isa = PBXBuildFile; fileRef = FF0000000000000000000010 /* ResponseOrchestrator.swift */; };
		BB000000000000000000000E /* DemoDataProvider.swift in Sources */ = {isa = PBXBuildFile; fileRef = FF0000000000000000000011 /* DemoDataProvider.swift */; };
/* End PBXBuildFile section */

/* Begin PBXFileReference section */
		FF0000000000000000000001 /* AudioCaptureEngine.swift */ = {isa = PBXFileReference; lastKnownFileType = sourcecode.swift; path = AudioCaptureEngine.swift; sourceTree = "<group>"; };
		FF0000000000000000000002 /* SystemAudioCaptureEngine.swift */ = {isa = PBXFileReference; lastKnownFileType = sourcecode.swift; path = SystemAudioCaptureEngine.swift; sourceTree = "<group>"; };
		FF0000000000000000000003 /* MicrophoneCaptureEngine.swift */ = {isa = PBXFileReference; lastKnownFileType = sourcecode.swift; path = MicrophoneCaptureEngine.swift; sourceTree = "<group>"; };
		FF0000000000000000000004 /* KeywordMatcherAndClaude.swift */ = {isa = PBXFileReference; lastKnownFileType = sourcecode.swift; path = KeywordMatcherAndClaude.swift; sourceTree = "<group>"; };
		FF0000000000000000000005 /* NotebookLMService.swift */ = {isa = PBXFileReference; lastKnownFileType = sourcecode.swift; path = NotebookLMService.swift; sourceTree = "<group>"; };
		FF0000000000000000000006 /* TalkingPointsTracker.swift */ = {isa = PBXFileReference; lastKnownFileType = sourcecode.swift; path = TalkingPointsTracker.swift; sourceTree = "<group>"; };
		FF0000000000000000000007 /* MeetingAICoordinator.swift */ = {isa = PBXFileReference; lastKnownFileType = sourcecode.swift; path = MeetingAICoordinator.swift; sourceTree = "<group>"; };
		FF0000000000000000000008 /* UsageExample.swift */ = {isa = PBXFileReference; lastKnownFileType = sourcecode.swift; path = UsageExample.swift; sourceTree = "<group>"; };
		FF0000000000000000000009 /* MeetingCopilotApp.swift */ = {isa = PBXFileReference; lastKnownFileType = sourcecode.swift; path = MeetingCopilotApp.swift; sourceTree = "<group>"; };
		FF000000000000000000000A /* Info.plist */ = {isa = PBXFileReference; lastKnownFileType = text.plist.xml; path = Info.plist; sourceTree = "<group>"; };
		FF000000000000000000000B /* MeetingCopilot.entitlements */ = {isa = PBXFileReference; lastKnownFileType = text.plist.entitlements; path = MeetingCopilot.entitlements; sourceTree = "<group>"; };
		FF000000000000000000000C /* Assets.xcassets */ = {isa = PBXFileReference; lastKnownFileType = folder.assetcatalog; path = Assets.xcassets; sourceTree = "<group>"; };
		FF000000000000000000000D /* MeetingCopilot.app */ = {isa = PBXFileReference; explicitFileType = wrapper.application; includeInIndex = 0; path = MeetingCopilot.app; sourceTree = BUILT_PRODUCTS_DIR; };
		FF000000000000000000000E /* ProviderProtocols.swift */ = {isa = PBXFileReference; lastKnownFileType = sourcecode.swift; path = ProviderProtocols.swift; sourceTree = "<group>"; };
		FF000000000000000000000F /* TranscriptPipeline.swift */ = {isa = PBXFileReference; lastKnownFileType = sourcecode.swift; path = TranscriptPipeline.swift; sourceTree = "<group>"; };
		FF0000000000000000000010 /* ResponseOrchestrator.swift */ = {isa = PBXFileReference; lastKnownFileType = sourcecode.swift; path = ResponseOrchestrator.swift; sourceTree = "<group>"; };
		FF0000000000000000000011 /* DemoDataProvider.swift */ = {isa = PBXFileReference; lastKnownFileType = sourcecode.swift; path = DemoDataProvider.swift; sourceTree = "<group>"; };
/* End PBXFileReference section */

/* Begin PBXFrameworksBuildPhase section */
		WW0000000000000000000001 /* Frameworks */ = {
			isa = PBXFrameworksBuildPhase;
			buildActionMask = 2147483647;
			files = (
			);
			runOnlyForDeploymentPostprocessing = 0;
		};
/* End PBXFrameworksBuildPhase section */

/* Begin PBXGroup section */
		GG0000000000000000000001 = {
			isa = PBXGroup;
			children = (
				GG0000000000000000000003 /* MeetingCopilot */,
				GG0000000000000000000002 /* Sources */,
				GG0000000000000000000004 /* Products */,
			);
			sourceTree = "<group>";
		};
		GG0000000000000000000002 /* Sources */ = {
			isa = PBXGroup;
			children = (
				FF0000000000000000000001 /* AudioCaptureEngine.swift */,
				FF0000000000000000000002 /* SystemAudioCaptureEngine.swift */,
				FF0000000000000000000003 /* MicrophoneCaptureEngine.swift */,
				FF0000000000000000000004 /* KeywordMatcherAndClaude.swift */,
				FF0000000000000000000005 /* NotebookLMService.swift */,
				FF0000000000000000000006 /* TalkingPointsTracker.swift */,
				FF000000000000000000000E /* ProviderProtocols.swift */,
				FF000000000000000000000F /* TranscriptPipeline.swift */,
				FF0000000000000000000010 /* ResponseOrchestrator.swift */,
				FF0000000000000000000007 /* MeetingAICoordinator.swift */,
				FF0000000000000000000011 /* DemoDataProvider.swift */,
				FF0000000000000000000008 /* UsageExample.swift */,
			);
			path = Sources;
			sourceTree = "<group>";
		};
		GG0000000000000000000003 /* MeetingCopilot */ = {
			isa = PBXGroup;
			children = (
				FF0000000000000000000009 /* MeetingCopilotApp.swift */,
				FF000000000000000000000C /* Assets.xcassets */,
				FF000000000000000000000A /* Info.plist */,
				FF000000000000000000000B /* MeetingCopilot.entitlements */,
			);
			path = MeetingCopilot;
			sourceTree = "<group>";
		};
		GG0000000000000000000004 /* Products */ = {
			isa = PBXGroup;
			children = (
				FF000000000000000000000D /* MeetingCopilot.app */,
			);
			name = Products;
			sourceTree = "<group>";
		};
/* End PBXGroup section */

/* Begin PBXNativeTarget section */
		TT0000000000000000000001 /* MeetingCopilot */ = {
			isa = PBXNativeTarget;
			buildConfigurationList = LL0000000000000000000002 /* Build configuration list for PBXNativeTarget "MeetingCopilot" */;
			buildPhases = (
				SS0000000000000000000001 /* Sources */,
				WW0000000000000000000001 /* Frameworks */,
				RR0000000000000000000001 /* Resources */,
			);
			buildRules = (
			);
			dependencies = (
			);
			name = MeetingCopilot;
			productName = MeetingCopilot;
			productReference = FF000000000000000000000D /* MeetingCopilot.app */;
			productType = "com.apple.product-type.application";
		};
/* End PBXNativeTarget section */

/* Begin PBXProject section */
		PP0000000000000000000001 /* Project object */ = {
			isa = PBXProject;
			attributes = {
				BuildIndependentTargetsInParallel = 1;
				LastSwiftUpdateCheck = 1540;
				LastUpgradeCheck = 1540;
				TargetAttributes = {
					TT0000000000000000000001 = {
						CreatedOnToolsVersion = 15.4;
					};
				};
			};
			buildConfigurationList = LL0000000000000000000001 /* Build configuration list for PBXProject "MeetingCopilot" */;
			compatibilityVersion = "Xcode 14.0";
			developmentRegion = "zh-Hant";
			hasScannedForEncodings = 0;
			knownRegions = (
				en,
				"zh-Hant",
				Base,
			);
			mainGroup = GG0000000000000000000001;
			productRefGroup = GG0000000000000000000004 /* Products */;
			projectDirPath = "";
			projectRoot = "";
			targets = (
				TT0000000000000000000001 /* MeetingCopilot */,
			);
		};
/* End PBXProject section */

/* Begin PBXResourcesBuildPhase section */
		RR0000000000000000000001 /* Resources */ = {
			isa = PBXResourcesBuildPhase;
			buildActionMask = 2147483647;
			files = (
				BB000000000000000000000A /* Assets.xcassets in Resources */,
			);
			runOnlyForDeploymentPostprocessing = 0;
		};
/* End PBXResourcesBuildPhase section */

/* Begin PBXSourcesBuildPhase section */
		SS0000000000000000000001 /* Sources */ = {
			isa = PBXSourcesBuildPhase;
			buildActionMask = 2147483647;
			files = (
				BB0000000000000000000009 /* MeetingCopilotApp.swift in Sources */,
				BB0000000000000000000001 /* AudioCaptureEngine.swift in Sources */,
				BB0000000000000000000002 /* SystemAudioCaptureEngine.swift in Sources */,
				BB0000000000000000000003 /* MicrophoneCaptureEngine.swift in Sources */,
				BB0000000000000000000004 /* KeywordMatcherAndClaude.swift in Sources */,
				BB0000000000000000000005 /* NotebookLMService.swift in Sources */,
				BB0000000000000000000006 /* TalkingPointsTracker.swift in Sources */,
				BB000000000000000000000B /* ProviderProtocols.swift in Sources */,
				BB000000000000000000000C /* TranscriptPipeline.swift in Sources */,
				BB000000000000000000000D /* ResponseOrchestrator.swift in Sources */,
				BB0000000000000000000007 /* MeetingAICoordinator.swift in Sources */,
				BB000000000000000000000E /* DemoDataProvider.swift in Sources */,
				BB0000000000000000000008 /* UsageExample.swift in Sources */,
			);
			runOnlyForDeploymentPostprocessing = 0;
		};
/* End PBXSourcesBuildPhase section */

/* Begin XCBuildConfiguration section */
		CC0000000000000000000001 /* Debug */ = {
			isa = XCBuildConfiguration;
			buildSettings = {
				ALWAYS_SEARCH_USER_PATHS = NO;
				ASSETCATALOG_COMPILER_GENERATE_SWIFT_ASSET_SYMBOL_EXTENSIONS = YES;
				CLANG_ANALYZER_NONNULL = YES;
				CLANG_ANALYZER_NUMBER_OBJECT_CONVERSION = YES_AGGRESSIVE;
				CLANG_CXX_LANGUAGE_STANDARD = "gnu++20";
				CLANG_ENABLE_MODULES = YES;
				CLANG_ENABLE_OBJC_ARC = YES;
				CLANG_ENABLE_OBJC_WEAK = YES;
				CLANG_WARN_BLOCK_CAPTURE_AUTORELEASING = YES;
				CLANG_WARN_BOOL_CONVERSION = YES;
				CLANG_WARN_COMMA = YES;
				CLANG_WARN_CONSTANT_CONVERSION = YES;
				CLANG_WARN_DEPRECATED_OBJC_IMPLEMENTATIONS = YES;
				CLANG_WARN_DIRECT_OBJC_ISA_USAGE = YES_ERROR;
				CLANG_WARN_DOCUMENTATION_COMMENTS = YES;
				CLANG_WARN_EMPTY_BODY = YES;
				CLANG_WARN_ENUM_CONVERSION = YES;
				CLANG_WARN_INFINITE_RECURSION = YES;
				CLANG_WARN_INT_CONVERSION = YES;
				CLANG_WARN_NON_LITERAL_NULL_CONVERSION = YES;
				CLANG_WARN_OBJC_IMPLICIT_RETAIN_SELF = YES;
				CLANG_WARN_OBJC_LITERAL_CONVERSION = YES;
				CLANG_WARN_OBJC_ROOT_CLASS = YES_ERROR;
				CLANG_WARN_QUOTED_INCLUDE_IN_FRAMEWORK_HEADER = YES;
				CLANG_WARN_RANGE_LOOP_ANALYSIS = YES;
				CLANG_WARN_STRICT_PROTOTYPES = YES;
				CLANG_WARN_SUSPICIOUS_MOVE = YES;
				CLANG_WARN_UNGUARDED_AVAILABILITY = YES_AGGRESSIVE;
				CLANG_WARN_UNREACHABLE_CODE = YES;
				CLANG_WARN__DUPLICATE_METHOD_MATCH = YES;
				COPY_PHASE_STRIP = NO;
				DEBUG_INFORMATION_FORMAT = dwarf;
				ENABLE_STRICT_OBJC_MSGSEND = YES;
				ENABLE_TESTABILITY = YES;
				ENABLE_USER_SCRIPT_SANDBOXING = YES;
				GCC_C_LANGUAGE_STANDARD = gnu17;
				GCC_DYNAMIC_NO_PIC = NO;
				GCC_NO_COMMON_BLOCKS = YES;
				GCC_OPTIMIZATION_LEVEL = 0;
				GCC_PREPROCESSOR_DEFINITIONS = (
					"DEBUG=1",
					"$(inherited)",
				);
				GCC_WARN_64_TO_32_BIT_CONVERSION = YES;
				GCC_WARN_ABOUT_RETURN_TYPE = YES_ERROR;
				GCC_WARN_UNDECLARED_SELECTOR = YES;
				GCC_WARN_UNINITIALIZED_AUTOS = YES_AGGRESSIVE;
				GCC_WARN_UNUSED_FUNCTION = YES;
				GCC_WARN_UNUSED_VARIABLE = YES;
				MACOSX_DEPLOYMENT_TARGET = 14.0;
				MTL_ENABLE_DEBUG_INFO = INCLUDE_SOURCE;
				MTL_FAST_MATH = YES;
				ONLY_ACTIVE_ARCH = YES;
				SDKROOT = macosx;
				SWIFT_ACTIVE_COMPILATION_CONDITIONS = "DEBUG $(inherited)";
				SWIFT_OPTIMIZATION_LEVEL = "-Onone";
				SWIFT_VERSION = 5.0;
			};
			name = Debug;
		};
		CC0000000000000000000002 /* Release */ = {
			isa = XCBuildConfiguration;
			buildSettings = {
				ALWAYS_SEARCH_USER_PATHS = NO;
				ASSETCATALOG_COMPILER_GENERATE_SWIFT_ASSET_SYMBOL_EXTENSIONS = YES;
				CLANG_ANALYZER_NONNULL = YES;
				CLANG_ANALYZER_NUMBER_OBJECT_CONVERSION = YES_AGGRESSIVE;
				CLANG_CXX_LANGUAGE_STANDARD = "gnu++20";
				CLANG_ENABLE_MODULES = YES;
				CLANG_ENABLE_OBJC_ARC = YES;
				CLANG_ENABLE_OBJC_WEAK = YES;
				CLANG_WARN_BLOCK_CAPTURE_AUTORELEASING = YES;
				CLANG_WARN_BOOL_CONVERSION = YES;
				CLANG_WARN_COMMA = YES;
				CLANG_WARN_CONSTANT_CONVERSION = YES;
				CLANG_WARN_DEPRECATED_OBJC_IMPLEMENTATIONS = YES;
				CLANG_WARN_DIRECT_OBJC_ISA_USAGE = YES_ERROR;
				CLANG_WARN_DOCUMENTATION_COMMENTS = YES;
				CLANG_WARN_EMPTY_BODY = YES;
				CLANG_WARN_ENUM_CONVERSION = YES;
				CLANG_WARN_INFINITE_RECURSION = YES;
				CLANG_WARN_INT_CONVERSION = YES;
				CLANG_WARN_NON_LITERAL_NULL_CONVERSION = YES;
				CLANG_WARN_OBJC_IMPLICIT_RETAIN_SELF = YES;
				CLANG_WARN_OBJC_LITERAL_CONVERSION = YES;
				CLANG_WARN_OBJC_ROOT_CLASS = YES_ERROR;
				CLANG_WARN_QUOTED_INCLUDE_IN_FRAMEWORK_HEADER = YES;
				CLANG_WARN_RANGE_LOOP_ANALYSIS = YES;
				CLANG_WARN_STRICT_PROTOTYPES = YES;
				CLANG_WARN_SUSPICIOUS_MOVE = YES;
				CLANG_WARN_UNGUARDED_AVAILABILITY = YES_AGGRESSIVE;
				CLANG_WARN_UNREACHABLE_CODE = YES;
				CLANG_WARN__DUPLICATE_METHOD_MATCH = YES;
				COPY_PHASE_STRIP = NO;
				DEBUG_INFORMATION_FORMAT = "dwarf-with-dsym";
				ENABLE_NS_ASSERTIONS = NO;
				ENABLE_STRICT_OBJC_MSGSEND = YES;
				ENABLE_USER_SCRIPT_SANDBOXING = YES;
				GCC_C_LANGUAGE_STANDARD = gnu17;
				GCC_NO_COMMON_BLOCKS = YES;
				GCC_WARN_64_TO_32_BIT_CONVERSION = YES;
				GCC_WARN_ABOUT_RETURN_TYPE = YES_ERROR;
				GCC_WARN_UNDECLARED_SELECTOR = YES;
				GCC_WARN_UNINITIALIZED_AUTOS = YES_AGGRESSIVE;
				GCC_WARN_UNUSED_FUNCTION = YES;
				GCC_WARN_UNUSED_VARIABLE = YES;
				MACOSX_DEPLOYMENT_TARGET = 14.0;
				MTL_ENABLE_DEBUG_INFO = NO;
				MTL_FAST_MATH = YES;
				SDKROOT = macosx;
				SWIFT_COMPILATION_MODE = wholemodule;
				SWIFT_VERSION = 5.0;
			};
			name = Release;
		};
		CC0000000000000000000003 /* Debug */ = {
			isa = XCBuildConfiguration;
			buildSettings = {
				ASSETCATALOG_COMPILER_APPICON_NAME = AppIcon;
				ASSETCATALOG_COMPILER_GLOBAL_ACCENT_COLOR_NAME = AccentColor;
				CODE_SIGN_ENTITLEMENTS = MeetingCopilot/MeetingCopilot.entitlements;
				CODE_SIGN_STYLE = Automatic;
				COMBINE_HIDPI_IMAGES = YES;
				CURRENT_PROJECT_VERSION = 2;
				DEVELOPMENT_TEAM = "";
				ENABLE_HARDENED_RUNTIME = YES;
				GENERATE_INFOPLIST_FILE = YES;
				INFOPLIST_FILE = MeetingCopilot/Info.plist;
				INFOPLIST_KEY_CFBundleDisplayName = MeetingCopilot;
				INFOPLIST_KEY_LSApplicationCategoryType = "public.app-category.productivity";
				INFOPLIST_KEY_NSHumanReadableCopyright = "Copyright \U00a9 2025 MacroVision Systems. All rights reserved.";
				INFOPLIST_KEY_NSMicrophoneUsageDescription = "MeetingCopilot \U9700\U8981\U9ea5\U514b\U98a8\U6b0a\U9650\U4ee5\U64f7\U53d6\U6703\U8b70\U97f3\U8a0a\U4f5c\U70ba\U964d\U7d1a\U65b9\U6848";
				INFOPLIST_KEY_NSSpeechRecognitionUsageDescription = "MeetingCopilot \U9700\U8981\U8a9e\U97f3\U8fa8\U8b58\U6b0a\U9650\U4ee5\U5373\U6642\U8f49\U9304\U6703\U8b70\U5167\U5bb9";
				LD_RUNPATH_SEARCH_PATHS = (
					"$(inherited)",
					"@executable_path/../Frameworks",
				);
				MARKETING_VERSION = 4.2.0;
				PRODUCT_BUNDLE_IDENTIFIER = com.macrovision.MeetingCopilot;
				PRODUCT_NAME = "$(TARGET_NAME)";
				SWIFT_EMIT_LOC_STRINGS = YES;
				SWIFT_STRICT_CONCURRENCY = complete;
				SWIFT_VERSION = 5.0;
			};
			name = Debug;
		};
		CC0000000000000000000004 /* Release */ = {
			isa = XCBuildConfiguration;
			buildSettings = {
				ASSETCATALOG_COMPILER_APPICON_NAME = AppIcon;
				ASSETCATALOG_COMPILER_GLOBAL_ACCENT_COLOR_NAME = AccentColor;
				CODE_SIGN_ENTITLEMENTS = MeetingCopilot/MeetingCopilot.entitlements;
				CODE_SIGN_STYLE = Automatic;
				COMBINE_HIDPI_IMAGES = YES;
				CURRENT_PROJECT_VERSION = 2;
				DEVELOPMENT_TEAM = "";
				ENABLE_HARDENED_RUNTIME = YES;
				GENERATE_INFOPLIST_FILE = YES;
				INFOPLIST_FILE = MeetingCopilot/Info.plist;
				INFOPLIST_KEY_CFBundleDisplayName = MeetingCopilot;
				INFOPLIST_KEY_LSApplicationCategoryType = "public.app-category.productivity";
				INFOPLIST_KEY_NSHumanReadableCopyright = "Copyright \U00a9 2025 MacroVision Systems. All rights reserved.";
				INFOPLIST_KEY_NSMicrophoneUsageDescription = "MeetingCopilot \U9700\U8981\U9ea5\U514b\U98a8\U6b0a\U9650\U4ee5\U64f7\U53d6\U6703\U8b70\U97f3\U8a0a\U4f5c\U70ba\U964d\U7d1a\U65b9\U6848";
				INFOPLIST_KEY_NSSpeechRecognitionUsageDescription = "MeetingCopilot \U9700\U8981\U8a9e\U97f3\U8fa8\U8b58\U6b0a\U9650\U4ee5\U5373\U6642\U8f49\U9304\U6703\U8b70\U5167\U5bb9";
				LD_RUNPATH_SEARCH_PATHS = (
					"$(inherited)",
					"@executable_path/../Frameworks",
				);
				MARKETING_VERSION = 4.2.0;
				PRODUCT_BUNDLE_IDENTIFIER = com.macrovision.MeetingCopilot;
				PRODUCT_NAME = "$(TARGET_NAME)";
				SWIFT_EMIT_LOC_STRINGS = YES;
				SWIFT_STRICT_CONCURRENCY = complete;
				SWIFT_VERSION = 5.0;
			};
			name = Release;
		};
/* End XCBuildConfiguration section */

/* Begin XCConfigurationList section */
		LL0000000000000000000001 /* Build configuration list for PBXProject "MeetingCopilot" */ = {
			isa = XCConfigurationList;
			buildConfigurations = (
				CC0000000000000000000001 /* Debug */,
				CC0000000000000000000002 /* Release */,
			);
			defaultConfigurationIsVisible = 0;
			defaultConfigurationName = Release;
		};
		LL0000000000000000000002 /* Build configuration list for PBXNativeTarget "MeetingCopilot" */ = {
			isa = XCConfigurationList;
			buildConfigurations = (
				CC0000000000000000000003 /* Debug */,
				CC0000000000000000000004 /* Release */,
			);
			defaultConfigurationIsVisible = 0;
			defaultConfigurationName = Release;
		};
/* End XCConfigurationList section */
	};
	rootObject = PP0000000000000000000001 /* Project object */;
}
